// !$*UTF8*$!
{
	archiveVersion = 1;
	classes = {
	};
	objectVersion = 46;
	objects = {

/* Begin PBXBuildFile section */
		322AD56019AF0C6000364A33 /* libtbb.dylib in Frameworks */ = {isa = PBXBuildFile; fileRef = 322AD55F19AF0C6000364A33 /* libtbb.dylib */; };
		322ADA5319AF0EEE00364A33 /* libtbb.dylib in CopyFiles */ = {isa = PBXBuildFile; fileRef = 322AD55F19AF0C6000364A33 /* libtbb.dylib */; };
		323140DE19AF447600C341FF /* Storage.cpp in Sources */ = {isa = PBXBuildFile; fileRef = 323140DC19AF447600C341FF /* Storage.cpp */; };
		3231413819AFD43C00C341FF /* main.cpp in Sources */ = {isa = PBXBuildFile; fileRef = 3231413719AFD43C00C341FF /* main.cpp */; };
		3232CB7719B3EC18008D9AF4 /* city.cc in Sources */ = {isa = PBXBuildFile; fileRef = 3232CB7419B3EC18008D9AF4 /* city.cc */; };
		3232CB7819B3EC18008D9AF4 /* city.cc in Sources */ = {isa = PBXBuildFile; fileRef = 3232CB7419B3EC18008D9AF4 /* city.cc */; };
		32383F8F19B04A48007A29C4 /* libtbbmalloc_proxy.dylib in Frameworks */ = {isa = PBXBuildFile; fileRef = 32383F8D19B04A48007A29C4 /* libtbbmalloc_proxy.dylib */; };
		32383F9019B04A48007A29C4 /* libtbbmalloc_proxy.dylib in Frameworks */ = {isa = PBXBuildFile; fileRef = 32383F8D19B04A48007A29C4 /* libtbbmalloc_proxy.dylib */; };
		32383F9119B04A48007A29C4 /* libtbbmalloc.dylib in Frameworks */ = {isa = PBXBuildFile; fileRef = 32383F8E19B04A48007A29C4 /* libtbbmalloc.dylib */; };
		32383F9219B04A48007A29C4 /* libtbbmalloc.dylib in Frameworks */ = {isa = PBXBuildFile; fileRef = 32383F8E19B04A48007A29C4 /* libtbbmalloc.dylib */; };
		32383F9319B04A5D007A29C4 /* libtbbmalloc_proxy.dylib in CopyFiles */ = {isa = PBXBuildFile; fileRef = 32383F8D19B04A48007A29C4 /* libtbbmalloc_proxy.dylib */; };
		32383F9419B04A5D007A29C4 /* libtbbmalloc.dylib in CopyFiles */ = {isa = PBXBuildFile; fileRef = 32383F8E19B04A48007A29C4 /* libtbbmalloc.dylib */; };
		3288CE5719BD4B5200BAFEDC /* Timed.cpp in Sources */ = {isa = PBXBuildFile; fileRef = 3288CE5519BD4B5200BAFEDC /* Timed.cpp */; };
		3288CE5B19BD4E0300BAFEDC /* ShortString.cpp in Sources */ = {isa = PBXBuildFile; fileRef = 3288CE5919BD4E0300BAFEDC /* ShortString.cpp */; };
		3288CE6119BD55C300BAFEDC /* LongString.cpp in Sources */ = {isa = PBXBuildFile; fileRef = 3288CE5F19BD55C300BAFEDC /* LongString.cpp */; };
		3289A5CF19B006B600478798 /* main.cpp in Sources */ = {isa = PBXBuildFile; fileRef = 3289A5CE19B006B600478798 /* main.cpp */; };
		3289A5D119B006B600478798 /* CLI.1 in CopyFiles */ = {isa = PBXBuildFile; fileRef = 3289A5D019B006B600478798 /* CLI.1 */; };
		3289A5DA19B0073600478798 /* Logging.cpp in Sources */ = {isa = PBXBuildFile; fileRef = 3289A5D819B0073600478798 /* Logging.cpp */; };
		3289A5DB19B0077E00478798 /* Logging.cpp in Sources */ = {isa = PBXBuildFile; fileRef = 3289A5D819B0073600478798 /* Logging.cpp */; };
		328CBEB219B0096800A200DF /* Client.cpp in Sources */ = {isa = PBXBuildFile; fileRef = 328CBEB019B0096800A200DF /* Client.cpp */; };
		328CBEB519B00FFE00A200DF /* AsyncServer.cpp in Sources */ = {isa = PBXBuildFile; fileRef = 328CBEB319B00FFE00A200DF /* AsyncServer.cpp */; };
		328CBEB819B0100800A200DF /* TCPConnection.cpp in Sources */ = {isa = PBXBuildFile; fileRef = 328CBEB619B0100800A200DF /* TCPConnection.cpp */; };
		328CBEBB19B0101900A200DF /* SingleThreadedServer.cpp in Sources */ = {isa = PBXBuildFile; fileRef = 328CBEB919B0101900A200DF /* SingleThreadedServer.cpp */; };
		328CBEBC19B014A500A200DF /* Client.cpp in Sources */ = {isa = PBXBuildFile; fileRef = 328CBEB019B0096800A200DF /* Client.cpp */; };
		32995ACD19B55C9A0021B1CC /* Command.cpp in Sources */ = {isa = PBXBuildFile; fileRef = 32995ACC19B55C9A0021B1CC /* Command.cpp */; };
		32995ACF19B574120021B1CC /* libarchive.2.dylib in Frameworks */ = {isa = PBXBuildFile; fileRef = 32995ACE19B574120021B1CC /* libarchive.2.dylib */; };
		32B3269B19B2FAE200E9CD7A /* BasicConnection.cpp in Sources */ = {isa = PBXBuildFile; fileRef = 32B3269919B2FAE200E9CD7A /* BasicConnection.cpp */; };
		32B3269C19B2FAE200E9CD7A /* BasicConnection.cpp in Sources */ = {isa = PBXBuildFile; fileRef = 32B3269919B2FAE200E9CD7A /* BasicConnection.cpp */; };
		32FF294419BD7039000645C3 /* TString.cpp in Sources */ = {isa = PBXBuildFile; fileRef = 32FF294219BD7039000645C3 /* TString.cpp */; };
		32FF294719BD9441000645C3 /* StrTest.cpp in Sources */ = {isa = PBXBuildFile; fileRef = 32FF294519BD9441000645C3 /* StrTest.cpp */; };
		D1512FCA19B9113800E5ECD9 /* BitFlipUtils.cpp in Sources */ = {isa = PBXBuildFile; fileRef = D1512FC819B9113800E5ECD9 /* BitFlipUtils.cpp */; };
		D1512FCB19B9113800E5ECD9 /* BitFlipUtils.cpp in Sources */ = {isa = PBXBuildFile; fileRef = D1512FC819B9113800E5ECD9 /* BitFlipUtils.cpp */; };
		D1512FCE19B92E8700E5ECD9 /* TaggedPtr.cpp in Sources */ = {isa = PBXBuildFile; fileRef = D1512FCD19B92E8700E5ECD9 /* TaggedPtr.cpp */; };
		D1512FCF19B92E8700E5ECD9 /* TaggedPtr.cpp in Sources */ = {isa = PBXBuildFile; fileRef = D1512FCD19B92E8700E5ECD9 /* TaggedPtr.cpp */; };
		D1B2D8F019B6480F00E442BC /* libz.1.2.5.dylib in Frameworks */ = {isa = PBXBuildFile; fileRef = D1B2D8EF19B6480F00E442BC /* libz.1.2.5.dylib */; };
		D1B2DCEE19B64BAE00E442BC /* block_wrappers.cc in Sources */ = {isa = PBXBuildFile; fileRef = D1B2DCE019B64BAE00E442BC /* block_wrappers.cc */; };
		D1B2DCEF19B64BAE00E442BC /* block_wrappers.cc in Sources */ = {isa = PBXBuildFile; fileRef = D1B2DCE019B64BAE00E442BC /* block_wrappers.cc */; };
		D1B2DCF019B64BAE00E442BC /* compressed_stream.cc in Sources */ = {isa = PBXBuildFile; fileRef = D1B2DCE219B64BAE00E442BC /* compressed_stream.cc */; };
		D1B2DCF119B64BAE00E442BC /* compressed_stream.cc in Sources */ = {isa = PBXBuildFile; fileRef = D1B2DCE219B64BAE00E442BC /* compressed_stream.cc */; };
		D1B2DCF219B64BAE00E442BC /* gzip_stream.cc in Sources */ = {isa = PBXBuildFile; fileRef = D1B2DCE419B64BAE00E442BC /* gzip_stream.cc */; };
		D1B2DCF319B64BAE00E442BC /* gzip_stream.cc in Sources */ = {isa = PBXBuildFile; fileRef = D1B2DCE419B64BAE00E442BC /* gzip_stream.cc */; };
		D1B2DCF419B64BAE00E442BC /* lz4.cc in Sources */ = {isa = PBXBuildFile; fileRef = D1B2DCE719B64BAE00E442BC /* lz4.cc */; };
		D1B2DCF519B64BAE00E442BC /* lz4.cc in Sources */ = {isa = PBXBuildFile; fileRef = D1B2DCE719B64BAE00E442BC /* lz4.cc */; };
		D1BDDC8E19B687A8003CFEE9 /* Compression.cpp in Sources */ = {isa = PBXBuildFile; fileRef = D1BDDC8C19B687A8003CFEE9 /* Compression.cpp */; };
/* End PBXBuildFile section */

/* Begin PBXCopyFilesBuildPhase section */
		3220D41D19A97D83006645D8 /* CopyFiles */ = {
			isa = PBXCopyFilesBuildPhase;
			buildActionMask = 12;
			dstPath = "";
			dstSubfolderSpec = 16;
			files = (
				32383F9319B04A5D007A29C4 /* libtbbmalloc_proxy.dylib in CopyFiles */,
				32383F9419B04A5D007A29C4 /* libtbbmalloc.dylib in CopyFiles */,
				322ADA5319AF0EEE00364A33 /* libtbb.dylib in CopyFiles */,
			);
			runOnlyForDeploymentPostprocessing = 0;
		};
		3289A5CA19B006B600478798 /* CopyFiles */ = {
			isa = PBXCopyFilesBuildPhase;
			buildActionMask = 2147483647;
			dstPath = /usr/share/man/man1/;
			dstSubfolderSpec = 0;
			files = (
				3289A5D119B006B600478798 /* CLI.1 in CopyFiles */,
			);
			runOnlyForDeploymentPostprocessing = 1;
		};
/* End PBXCopyFilesBuildPhase section */

/* Begin PBXFileReference section */
		3220D41F19A97D83006645D8 /* Server */ = {isa = PBXFileReference; explicitFileType = "compiled.mach-o.executable"; includeInIndex = 0; path = Server; sourceTree = BUILT_PRODUCTS_DIR; };
		3220D42419A97D83006645D8 /* Money.1 */ = {isa = PBXFileReference; lastKnownFileType = text.man; path = Money.1; sourceTree = "<group>"; };
		3220D43319A9F7AA006645D8 /* Prefix.h */ = {isa = PBXFileReference; lastKnownFileType = sourcecode.c.h; name = Prefix.h; path = ../Money/Prefix.h; sourceTree = "<group>"; };
		322AD55F19AF0C6000364A33 /* libtbb.dylib */ = {isa = PBXFileReference; lastKnownFileType = "compiled.mach-o.dylib"; path = libtbb.dylib; sourceTree = "<group>"; };
		322AD56519AF0C7200364A33 /* hash.h */ = {isa = PBXFileReference; fileEncoding = 4; lastKnownFileType = sourcecode.c.h; path = hash.h; sourceTree = "<group>"; };
		322AD56619AF0C7200364A33 /* istring.h */ = {isa = PBXFileReference; fileEncoding = 4; lastKnownFileType = sourcecode.c.h; path = istring.h; sourceTree = "<group>"; };
		322AD56719AF0C7200364A33 /* string_base.h */ = {isa = PBXFileReference; fileEncoding = 4; lastKnownFileType = sourcecode.c.h; path = string_base.h; sourceTree = "<group>"; };
		322AD56819AF0C7200364A33 /* string_common.h */ = {isa = PBXFileReference; fileEncoding = 4; lastKnownFileType = sourcecode.c.h; path = string_common.h; sourceTree = "<group>"; };
		322AD56919AF0C7200364A33 /* string_core.h */ = {isa = PBXFileReference; fileEncoding = 4; lastKnownFileType = sourcecode.c.h; path = string_core.h; sourceTree = "<group>"; };
		322AD56A19AF0C7200364A33 /* string_operators.h */ = {isa = PBXFileReference; fileEncoding = 4; lastKnownFileType = sourcecode.c.h; path = string_operators.h; sourceTree = "<group>"; };
		322AD56B19AF0C7200364A33 /* string_slice.h */ = {isa = PBXFileReference; fileEncoding = 4; lastKnownFileType = sourcecode.c.h; path = string_slice.h; sourceTree = "<group>"; };
		322AD56C19AF0C7200364A33 /* types.h */ = {isa = PBXFileReference; fileEncoding = 4; lastKnownFileType = sourcecode.c.h; path = types.h; sourceTree = "<group>"; };
		322AD91719AF0CEC00364A33 /* parallel_for.h */ = {isa = PBXFileReference; fileEncoding = 4; lastKnownFileType = sourcecode.c.h; path = parallel_for.h; sourceTree = "<group>"; };
		322AD91819AF0CEC00364A33 /* tbb_annotate.h */ = {isa = PBXFileReference; fileEncoding = 4; lastKnownFileType = sourcecode.c.h; path = tbb_annotate.h; sourceTree = "<group>"; };
		322AD91A19AF0CEC00364A33 /* aggregator.h */ = {isa = PBXFileReference; fileEncoding = 4; lastKnownFileType = sourcecode.c.h; path = aggregator.h; sourceTree = "<group>"; };
		322AD91B19AF0CEC00364A33 /* aligned_space.h */ = {isa = PBXFileReference; fileEncoding = 4; lastKnownFileType = sourcecode.c.h; path = aligned_space.h; sourceTree = "<group>"; };
		322AD91C19AF0CEC00364A33 /* atomic.h */ = {isa = PBXFileReference; fileEncoding = 4; lastKnownFileType = sourcecode.c.h; path = atomic.h; sourceTree = "<group>"; };
		322AD91D19AF0CEC00364A33 /* blocked_range.h */ = {isa = PBXFileReference; fileEncoding = 4; lastKnownFileType = sourcecode.c.h; path = blocked_range.h; sourceTree = "<group>"; };
		322AD91E19AF0CEC00364A33 /* blocked_range2d.h */ = {isa = PBXFileReference; fileEncoding = 4; lastKnownFileType = sourcecode.c.h; path = blocked_range2d.h; sourceTree = "<group>"; };
		322AD91F19AF0CEC00364A33 /* blocked_range3d.h */ = {isa = PBXFileReference; fileEncoding = 4; lastKnownFileType = sourcecode.c.h; path = blocked_range3d.h; sourceTree = "<group>"; };
		322AD92019AF0CEC00364A33 /* cache_aligned_allocator.h */ = {isa = PBXFileReference; fileEncoding = 4; lastKnownFileType = sourcecode.c.h; path = cache_aligned_allocator.h; sourceTree = "<group>"; };
		322AD92119AF0CEC00364A33 /* combinable.h */ = {isa = PBXFileReference; fileEncoding = 4; lastKnownFileType = sourcecode.c.h; path = combinable.h; sourceTree = "<group>"; };
		322AD92319AF0CEC00364A33 /* condition_variable */ = {isa = PBXFileReference; fileEncoding = 4; lastKnownFileType = text; path = condition_variable; sourceTree = "<group>"; };
		322AD92419AF0CEC00364A33 /* ppl.h */ = {isa = PBXFileReference; fileEncoding = 4; lastKnownFileType = sourcecode.c.h; path = ppl.h; sourceTree = "<group>"; };
		322AD92519AF0CEC00364A33 /* thread */ = {isa = PBXFileReference; fileEncoding = 4; lastKnownFileType = text; path = thread; sourceTree = "<group>"; };
		322AD92619AF0CEC00364A33 /* tuple */ = {isa = PBXFileReference; fileEncoding = 4; lastKnownFileType = text; path = tuple; sourceTree = "<group>"; };
		322AD92719AF0CEC00364A33 /* concurrent_hash_map.h */ = {isa = PBXFileReference; fileEncoding = 4; lastKnownFileType = sourcecode.c.h; path = concurrent_hash_map.h; sourceTree = "<group>"; };
		322AD92819AF0CEC00364A33 /* concurrent_lru_cache.h */ = {isa = PBXFileReference; fileEncoding = 4; lastKnownFileType = sourcecode.c.h; path = concurrent_lru_cache.h; sourceTree = "<group>"; };
		322AD92919AF0CEC00364A33 /* concurrent_priority_queue.h */ = {isa = PBXFileReference; fileEncoding = 4; lastKnownFileType = sourcecode.c.h; path = concurrent_priority_queue.h; sourceTree = "<group>"; };
		322AD92A19AF0CEC00364A33 /* concurrent_queue.h */ = {isa = PBXFileReference; fileEncoding = 4; lastKnownFileType = sourcecode.c.h; path = concurrent_queue.h; sourceTree = "<group>"; };
		322AD92B19AF0CEC00364A33 /* concurrent_unordered_map.h */ = {isa = PBXFileReference; fileEncoding = 4; lastKnownFileType = sourcecode.c.h; path = concurrent_unordered_map.h; sourceTree = "<group>"; };
		322AD92C19AF0CEC00364A33 /* concurrent_unordered_set.h */ = {isa = PBXFileReference; fileEncoding = 4; lastKnownFileType = sourcecode.c.h; path = concurrent_unordered_set.h; sourceTree = "<group>"; };
		322AD92D19AF0CEC00364A33 /* concurrent_vector.h */ = {isa = PBXFileReference; fileEncoding = 4; lastKnownFileType = sourcecode.c.h; path = concurrent_vector.h; sourceTree = "<group>"; };
		322AD92E19AF0CEC00364A33 /* critical_section.h */ = {isa = PBXFileReference; fileEncoding = 4; lastKnownFileType = sourcecode.c.h; path = critical_section.h; sourceTree = "<group>"; };
		322AD92F19AF0CEC00364A33 /* enumerable_thread_specific.h */ = {isa = PBXFileReference; fileEncoding = 4; lastKnownFileType = sourcecode.c.h; path = enumerable_thread_specific.h; sourceTree = "<group>"; };
		322AD93019AF0CEC00364A33 /* flow_graph.h */ = {isa = PBXFileReference; fileEncoding = 4; lastKnownFileType = sourcecode.c.h; path = flow_graph.h; sourceTree = "<group>"; };
		322AD93119AF0CEC00364A33 /* index.html */ = {isa = PBXFileReference; fileEncoding = 4; lastKnownFileType = text.html; path = index.html; sourceTree = "<group>"; };
		322AD93319AF0CEC00364A33 /* _aggregator_impl.h */ = {isa = PBXFileReference; fileEncoding = 4; lastKnownFileType = sourcecode.c.h; path = _aggregator_impl.h; sourceTree = "<group>"; };
		322AD93419AF0CEC00364A33 /* _concurrent_queue_impl.h */ = {isa = PBXFileReference; fileEncoding = 4; lastKnownFileType = sourcecode.c.h; path = _concurrent_queue_impl.h; sourceTree = "<group>"; };
		322AD93519AF0CEC00364A33 /* _concurrent_unordered_impl.h */ = {isa = PBXFileReference; fileEncoding = 4; lastKnownFileType = sourcecode.c.h; path = _concurrent_unordered_impl.h; sourceTree = "<group>"; };
		322AD93619AF0CEC00364A33 /* _flow_graph_impl.h */ = {isa = PBXFileReference; fileEncoding = 4; lastKnownFileType = sourcecode.c.h; path = _flow_graph_impl.h; sourceTree = "<group>"; };
		322AD93719AF0CEC00364A33 /* _flow_graph_indexer_impl.h */ = {isa = PBXFileReference; fileEncoding = 4; lastKnownFileType = sourcecode.c.h; path = _flow_graph_indexer_impl.h; sourceTree = "<group>"; };
		322AD93819AF0CEC00364A33 /* _flow_graph_item_buffer_impl.h */ = {isa = PBXFileReference; fileEncoding = 4; lastKnownFileType = sourcecode.c.h; path = _flow_graph_item_buffer_impl.h; sourceTree = "<group>"; };
		322AD93919AF0CEC00364A33 /* _flow_graph_join_impl.h */ = {isa = PBXFileReference; fileEncoding = 4; lastKnownFileType = sourcecode.c.h; path = _flow_graph_join_impl.h; sourceTree = "<group>"; };
		322AD93A19AF0CEC00364A33 /* _flow_graph_node_impl.h */ = {isa = PBXFileReference; fileEncoding = 4; lastKnownFileType = sourcecode.c.h; path = _flow_graph_node_impl.h; sourceTree = "<group>"; };
		322AD93B19AF0CEC00364A33 /* _flow_graph_tagged_buffer_impl.h */ = {isa = PBXFileReference; fileEncoding = 4; lastKnownFileType = sourcecode.c.h; path = _flow_graph_tagged_buffer_impl.h; sourceTree = "<group>"; };
		322AD93C19AF0CEC00364A33 /* _flow_graph_trace_impl.h */ = {isa = PBXFileReference; fileEncoding = 4; lastKnownFileType = sourcecode.c.h; path = _flow_graph_trace_impl.h; sourceTree = "<group>"; };
		322AD93D19AF0CEC00364A33 /* _flow_graph_types_impl.h */ = {isa = PBXFileReference; fileEncoding = 4; lastKnownFileType = sourcecode.c.h; path = _flow_graph_types_impl.h; sourceTree = "<group>"; };
		322AD93E19AF0CEC00364A33 /* _mutex_padding.h */ = {isa = PBXFileReference; fileEncoding = 4; lastKnownFileType = sourcecode.c.h; path = _mutex_padding.h; sourceTree = "<group>"; };
		322AD93F19AF0CEC00364A33 /* _range_iterator.h */ = {isa = PBXFileReference; fileEncoding = 4; lastKnownFileType = sourcecode.c.h; path = _range_iterator.h; sourceTree = "<group>"; };
		322AD94019AF0CEC00364A33 /* _tbb_strings.h */ = {isa = PBXFileReference; fileEncoding = 4; lastKnownFileType = sourcecode.c.h; path = _tbb_strings.h; sourceTree = "<group>"; };
		322AD94119AF0CEC00364A33 /* _tbb_windef.h */ = {isa = PBXFileReference; fileEncoding = 4; lastKnownFileType = sourcecode.c.h; path = _tbb_windef.h; sourceTree = "<group>"; };
		322AD94219AF0CEC00364A33 /* _x86_eliding_mutex_impl.h */ = {isa = PBXFileReference; fileEncoding = 4; lastKnownFileType = sourcecode.c.h; path = _x86_eliding_mutex_impl.h; sourceTree = "<group>"; };
		322AD94319AF0CEC00364A33 /* _x86_rtm_rw_mutex_impl.h */ = {isa = PBXFileReference; fileEncoding = 4; lastKnownFileType = sourcecode.c.h; path = _x86_rtm_rw_mutex_impl.h; sourceTree = "<group>"; };
		322AD94519AF0CEC00364A33 /* gcc_armv7.h */ = {isa = PBXFileReference; fileEncoding = 4; lastKnownFileType = sourcecode.c.h; path = gcc_armv7.h; sourceTree = "<group>"; };
		322AD94619AF0CEC00364A33 /* gcc_generic.h */ = {isa = PBXFileReference; fileEncoding = 4; lastKnownFileType = sourcecode.c.h; path = gcc_generic.h; sourceTree = "<group>"; };
		322AD94719AF0CEC00364A33 /* gcc_ia32_common.h */ = {isa = PBXFileReference; fileEncoding = 4; lastKnownFileType = sourcecode.c.h; path = gcc_ia32_common.h; sourceTree = "<group>"; };
		322AD94819AF0CEC00364A33 /* gcc_itsx.h */ = {isa = PBXFileReference; fileEncoding = 4; lastKnownFileType = sourcecode.c.h; path = gcc_itsx.h; sourceTree = "<group>"; };
		322AD94919AF0CEC00364A33 /* ibm_aix51.h */ = {isa = PBXFileReference; fileEncoding = 4; lastKnownFileType = sourcecode.c.h; path = ibm_aix51.h; sourceTree = "<group>"; };
		322AD94A19AF0CEC00364A33 /* icc_generic.h */ = {isa = PBXFileReference; fileEncoding = 4; lastKnownFileType = sourcecode.c.h; path = icc_generic.h; sourceTree = "<group>"; };
		322AD94B19AF0CEC00364A33 /* linux_common.h */ = {isa = PBXFileReference; fileEncoding = 4; lastKnownFileType = sourcecode.c.h; path = linux_common.h; sourceTree = "<group>"; };
		322AD94C19AF0CEC00364A33 /* linux_ia32.h */ = {isa = PBXFileReference; fileEncoding = 4; lastKnownFileType = sourcecode.c.h; path = linux_ia32.h; sourceTree = "<group>"; };
		322AD94D19AF0CEC00364A33 /* linux_ia64.h */ = {isa = PBXFileReference; fileEncoding = 4; lastKnownFileType = sourcecode.c.h; path = linux_ia64.h; sourceTree = "<group>"; };
		322AD94E19AF0CEC00364A33 /* linux_intel64.h */ = {isa = PBXFileReference; fileEncoding = 4; lastKnownFileType = sourcecode.c.h; path = linux_intel64.h; sourceTree = "<group>"; };
		322AD94F19AF0CEC00364A33 /* mac_ppc.h */ = {isa = PBXFileReference; fileEncoding = 4; lastKnownFileType = sourcecode.c.h; path = mac_ppc.h; sourceTree = "<group>"; };
		322AD95019AF0CEC00364A33 /* macos_common.h */ = {isa = PBXFileReference; fileEncoding = 4; lastKnownFileType = sourcecode.c.h; path = macos_common.h; sourceTree = "<group>"; };
		322AD95119AF0CEC00364A33 /* mic_common.h */ = {isa = PBXFileReference; fileEncoding = 4; lastKnownFileType = sourcecode.c.h; path = mic_common.h; sourceTree = "<group>"; };
		322AD95219AF0CEC00364A33 /* msvc_armv7.h */ = {isa = PBXFileReference; fileEncoding = 4; lastKnownFileType = sourcecode.c.h; path = msvc_armv7.h; sourceTree = "<group>"; };
		322AD95319AF0CEC00364A33 /* msvc_ia32_common.h */ = {isa = PBXFileReference; fileEncoding = 4; lastKnownFileType = sourcecode.c.h; path = msvc_ia32_common.h; sourceTree = "<group>"; };
		322AD95419AF0CEC00364A33 /* sunos_sparc.h */ = {isa = PBXFileReference; fileEncoding = 4; lastKnownFileType = sourcecode.c.h; path = sunos_sparc.h; sourceTree = "<group>"; };
		322AD95519AF0CEC00364A33 /* windows_api.h */ = {isa = PBXFileReference; fileEncoding = 4; lastKnownFileType = sourcecode.c.h; path = windows_api.h; sourceTree = "<group>"; };
		322AD95619AF0CEC00364A33 /* windows_ia32.h */ = {isa = PBXFileReference; fileEncoding = 4; lastKnownFileType = sourcecode.c.h; path = windows_ia32.h; sourceTree = "<group>"; };
		322AD95719AF0CEC00364A33 /* windows_intel64.h */ = {isa = PBXFileReference; fileEncoding = 4; lastKnownFileType = sourcecode.c.h; path = windows_intel64.h; sourceTree = "<group>"; };
		322AD95819AF0CEC00364A33 /* xbox360_ppc.h */ = {isa = PBXFileReference; fileEncoding = 4; lastKnownFileType = sourcecode.c.h; path = xbox360_ppc.h; sourceTree = "<group>"; };
		322AD95919AF0CEC00364A33 /* memory_pool.h */ = {isa = PBXFileReference; fileEncoding = 4; lastKnownFileType = sourcecode.c.h; path = memory_pool.h; sourceTree = "<group>"; };
		322AD95A19AF0CEC00364A33 /* mutex.h */ = {isa = PBXFileReference; fileEncoding = 4; lastKnownFileType = sourcecode.c.h; path = mutex.h; sourceTree = "<group>"; };
		322AD95B19AF0CEC00364A33 /* null_mutex.h */ = {isa = PBXFileReference; fileEncoding = 4; lastKnownFileType = sourcecode.c.h; path = null_mutex.h; sourceTree = "<group>"; };
		322AD95C19AF0CEC00364A33 /* null_rw_mutex.h */ = {isa = PBXFileReference; fileEncoding = 4; lastKnownFileType = sourcecode.c.h; path = null_rw_mutex.h; sourceTree = "<group>"; };
		322AD95D19AF0CEC00364A33 /* parallel_do.h */ = {isa = PBXFileReference; fileEncoding = 4; lastKnownFileType = sourcecode.c.h; path = parallel_do.h; sourceTree = "<group>"; };
		322AD95E19AF0CEC00364A33 /* parallel_for.h */ = {isa = PBXFileReference; fileEncoding = 4; lastKnownFileType = sourcecode.c.h; path = parallel_for.h; sourceTree = "<group>"; };
		322AD95F19AF0CEC00364A33 /* parallel_for_each.h */ = {isa = PBXFileReference; fileEncoding = 4; lastKnownFileType = sourcecode.c.h; path = parallel_for_each.h; sourceTree = "<group>"; };
		322AD96019AF0CEC00364A33 /* parallel_invoke.h */ = {isa = PBXFileReference; fileEncoding = 4; lastKnownFileType = sourcecode.c.h; path = parallel_invoke.h; sourceTree = "<group>"; };
		322AD96119AF0CEC00364A33 /* parallel_reduce.h */ = {isa = PBXFileReference; fileEncoding = 4; lastKnownFileType = sourcecode.c.h; path = parallel_reduce.h; sourceTree = "<group>"; };
		322AD96219AF0CEC00364A33 /* parallel_scan.h */ = {isa = PBXFileReference; fileEncoding = 4; lastKnownFileType = sourcecode.c.h; path = parallel_scan.h; sourceTree = "<group>"; };
		322AD96319AF0CEC00364A33 /* parallel_sort.h */ = {isa = PBXFileReference; fileEncoding = 4; lastKnownFileType = sourcecode.c.h; path = parallel_sort.h; sourceTree = "<group>"; };
		322AD96419AF0CEC00364A33 /* parallel_while.h */ = {isa = PBXFileReference; fileEncoding = 4; lastKnownFileType = sourcecode.c.h; path = parallel_while.h; sourceTree = "<group>"; };
		322AD96519AF0CEC00364A33 /* partitioner.h */ = {isa = PBXFileReference; fileEncoding = 4; lastKnownFileType = sourcecode.c.h; path = partitioner.h; sourceTree = "<group>"; };
		322AD96619AF0CEC00364A33 /* pipeline.h */ = {isa = PBXFileReference; fileEncoding = 4; lastKnownFileType = sourcecode.c.h; path = pipeline.h; sourceTree = "<group>"; };
		322AD96719AF0CEC00364A33 /* queuing_mutex.h */ = {isa = PBXFileReference; fileEncoding = 4; lastKnownFileType = sourcecode.c.h; path = queuing_mutex.h; sourceTree = "<group>"; };
		322AD96819AF0CEC00364A33 /* queuing_rw_mutex.h */ = {isa = PBXFileReference; fileEncoding = 4; lastKnownFileType = sourcecode.c.h; path = queuing_rw_mutex.h; sourceTree = "<group>"; };
		322AD96919AF0CEC00364A33 /* reader_writer_lock.h */ = {isa = PBXFileReference; fileEncoding = 4; lastKnownFileType = sourcecode.c.h; path = reader_writer_lock.h; sourceTree = "<group>"; };
		322AD96A19AF0CEC00364A33 /* recursive_mutex.h */ = {isa = PBXFileReference; fileEncoding = 4; lastKnownFileType = sourcecode.c.h; path = recursive_mutex.h; sourceTree = "<group>"; };
		322AD96B19AF0CEC00364A33 /* runtime_loader.h */ = {isa = PBXFileReference; fileEncoding = 4; lastKnownFileType = sourcecode.c.h; path = runtime_loader.h; sourceTree = "<group>"; };
		322AD96C19AF0CEC00364A33 /* scalable_allocator.h */ = {isa = PBXFileReference; fileEncoding = 4; lastKnownFileType = sourcecode.c.h; path = scalable_allocator.h; sourceTree = "<group>"; };
		322AD96D19AF0CEC00364A33 /* spin_mutex.h */ = {isa = PBXFileReference; fileEncoding = 4; lastKnownFileType = sourcecode.c.h; path = spin_mutex.h; sourceTree = "<group>"; };
		322AD96E19AF0CEC00364A33 /* spin_rw_mutex.h */ = {isa = PBXFileReference; fileEncoding = 4; lastKnownFileType = sourcecode.c.h; path = spin_rw_mutex.h; sourceTree = "<group>"; };
		322AD96F19AF0CEC00364A33 /* task.h */ = {isa = PBXFileReference; fileEncoding = 4; lastKnownFileType = sourcecode.c.h; path = task.h; sourceTree = "<group>"; };
		322AD97019AF0CEC00364A33 /* task_arena.h */ = {isa = PBXFileReference; fileEncoding = 4; lastKnownFileType = sourcecode.c.h; path = task_arena.h; sourceTree = "<group>"; };
		322AD97119AF0CEC00364A33 /* task_group.h */ = {isa = PBXFileReference; fileEncoding = 4; lastKnownFileType = sourcecode.c.h; path = task_group.h; sourceTree = "<group>"; };
		322AD97219AF0CEC00364A33 /* task_scheduler_init.h */ = {isa = PBXFileReference; fileEncoding = 4; lastKnownFileType = sourcecode.c.h; path = task_scheduler_init.h; sourceTree = "<group>"; };
		322AD97319AF0CEC00364A33 /* task_scheduler_observer.h */ = {isa = PBXFileReference; fileEncoding = 4; lastKnownFileType = sourcecode.c.h; path = task_scheduler_observer.h; sourceTree = "<group>"; };
		322AD97419AF0CEC00364A33 /* tbb.h */ = {isa = PBXFileReference; fileEncoding = 4; lastKnownFileType = sourcecode.c.h; path = tbb.h; sourceTree = "<group>"; };
		322AD97519AF0CEC00364A33 /* tbb_allocator.h */ = {isa = PBXFileReference; fileEncoding = 4; lastKnownFileType = sourcecode.c.h; path = tbb_allocator.h; sourceTree = "<group>"; };
		322AD97619AF0CEC00364A33 /* tbb_config.h */ = {isa = PBXFileReference; fileEncoding = 4; lastKnownFileType = sourcecode.c.h; path = tbb_config.h; sourceTree = "<group>"; };
		322AD97719AF0CEC00364A33 /* tbb_exception.h */ = {isa = PBXFileReference; fileEncoding = 4; lastKnownFileType = sourcecode.c.h; path = tbb_exception.h; sourceTree = "<group>"; };
		322AD97819AF0CEC00364A33 /* tbb_machine.h */ = {isa = PBXFileReference; fileEncoding = 4; lastKnownFileType = sourcecode.c.h; path = tbb_machine.h; sourceTree = "<group>"; };
		322AD97919AF0CEC00364A33 /* tbb_profiling.h */ = {isa = PBXFileReference; fileEncoding = 4; lastKnownFileType = sourcecode.c.h; path = tbb_profiling.h; sourceTree = "<group>"; };
		322AD97A19AF0CEC00364A33 /* tbb_stddef.h */ = {isa = PBXFileReference; fileEncoding = 4; lastKnownFileType = sourcecode.c.h; path = tbb_stddef.h; sourceTree = "<group>"; };
		322AD97B19AF0CEC00364A33 /* tbb_thread.h */ = {isa = PBXFileReference; fileEncoding = 4; lastKnownFileType = sourcecode.c.h; path = tbb_thread.h; sourceTree = "<group>"; };
		322AD97C19AF0CEC00364A33 /* tbbmalloc_proxy.h */ = {isa = PBXFileReference; fileEncoding = 4; lastKnownFileType = sourcecode.c.h; path = tbbmalloc_proxy.h; sourceTree = "<group>"; };
		322AD97D19AF0CEC00364A33 /* tick_count.h */ = {isa = PBXFileReference; fileEncoding = 4; lastKnownFileType = sourcecode.c.h; path = tick_count.h; sourceTree = "<group>"; };
		323140DC19AF447600C341FF /* Storage.cpp */ = {isa = PBXFileReference; fileEncoding = 4; lastKnownFileType = sourcecode.cpp.cpp; path = Storage.cpp; sourceTree = "<group>"; };
		323140DD19AF447600C341FF /* Storage.h */ = {isa = PBXFileReference; fileEncoding = 4; lastKnownFileType = sourcecode.c.h; path = Storage.h; sourceTree = "<group>"; };
		3231413719AFD43C00C341FF /* main.cpp */ = {isa = PBXFileReference; fileEncoding = 4; lastKnownFileType = sourcecode.cpp.cpp; path = main.cpp; sourceTree = "<group>"; };
		3232CB7419B3EC18008D9AF4 /* city.cc */ = {isa = PBXFileReference; fileEncoding = 4; lastKnownFileType = sourcecode.cpp.cpp; path = city.cc; sourceTree = "<group>"; };
		3232CB7519B3EC18008D9AF4 /* city.h */ = {isa = PBXFileReference; fileEncoding = 4; lastKnownFileType = sourcecode.c.h; path = city.h; sourceTree = "<group>"; };
		3232CB7619B3EC18008D9AF4 /* citycrc.h */ = {isa = PBXFileReference; fileEncoding = 4; lastKnownFileType = sourcecode.c.h; path = citycrc.h; sourceTree = "<group>"; };
		32383F8D19B04A48007A29C4 /* libtbbmalloc_proxy.dylib */ = {isa = PBXFileReference; lastKnownFileType = "compiled.mach-o.dylib"; path = libtbbmalloc_proxy.dylib; sourceTree = "<group>"; };
		32383F8E19B04A48007A29C4 /* libtbbmalloc.dylib */ = {isa = PBXFileReference; lastKnownFileType = "compiled.mach-o.dylib"; path = libtbbmalloc.dylib; sourceTree = "<group>"; };
		3288CE5519BD4B5200BAFEDC /* Timed.cpp */ = {isa = PBXFileReference; fileEncoding = 4; lastKnownFileType = sourcecode.cpp.cpp; path = Timed.cpp; sourceTree = "<group>"; };
		3288CE5619BD4B5200BAFEDC /* Timed.h */ = {isa = PBXFileReference; fileEncoding = 4; lastKnownFileType = sourcecode.c.h; path = Timed.h; sourceTree = "<group>"; };
		3288CE5919BD4E0300BAFEDC /* ShortString.cpp */ = {isa = PBXFileReference; fileEncoding = 4; lastKnownFileType = sourcecode.cpp.cpp; path = ShortString.cpp; sourceTree = "<group>"; };
		3288CE5A19BD4E0300BAFEDC /* ShortString.h */ = {isa = PBXFileReference; fileEncoding = 4; lastKnownFileType = sourcecode.c.h; path = ShortString.h; sourceTree = "<group>"; };
		3288CE5D19BD4E1900BAFEDC /* DataType.h */ = {isa = PBXFileReference; fileEncoding = 4; lastKnownFileType = sourcecode.c.h; path = DataType.h; sourceTree = "<group>"; };
		3288CE5F19BD55C300BAFEDC /* LongString.cpp */ = {isa = PBXFileReference; fileEncoding = 4; lastKnownFileType = sourcecode.cpp.cpp; path = LongString.cpp; sourceTree = "<group>"; };
		3288CE6019BD55C300BAFEDC /* LongString.h */ = {isa = PBXFileReference; fileEncoding = 4; lastKnownFileType = sourcecode.c.h; path = LongString.h; sourceTree = "<group>"; };
		3289A5CC19B006B600478798 /* CLI */ = {isa = PBXFileReference; explicitFileType = "compiled.mach-o.executable"; includeInIndex = 0; path = CLI; sourceTree = BUILT_PRODUCTS_DIR; };
		3289A5CE19B006B600478798 /* main.cpp */ = {isa = PBXFileReference; lastKnownFileType = sourcecode.cpp.cpp; path = main.cpp; sourceTree = "<group>"; };
		3289A5D019B006B600478798 /* CLI.1 */ = {isa = PBXFileReference; lastKnownFileType = text.man; path = CLI.1; sourceTree = "<group>"; };
		3289A5D819B0073600478798 /* Logging.cpp */ = {isa = PBXFileReference; fileEncoding = 4; lastKnownFileType = sourcecode.cpp.cpp; path = Logging.cpp; sourceTree = "<group>"; };
		3289A5D919B0073600478798 /* Logging.h */ = {isa = PBXFileReference; fileEncoding = 4; lastKnownFileType = sourcecode.c.h; path = Logging.h; sourceTree = "<group>"; };
		328CBEB019B0096800A200DF /* Client.cpp */ = {isa = PBXFileReference; fileEncoding = 4; lastKnownFileType = sourcecode.cpp.cpp; path = Client.cpp; sourceTree = "<group>"; };
		328CBEB119B0096800A200DF /* Client.h */ = {isa = PBXFileReference; fileEncoding = 4; lastKnownFileType = sourcecode.c.h; path = Client.h; sourceTree = "<group>"; };
		328CBEB319B00FFE00A200DF /* AsyncServer.cpp */ = {isa = PBXFileReference; fileEncoding = 4; lastKnownFileType = sourcecode.cpp.cpp; path = AsyncServer.cpp; sourceTree = "<group>"; };
		328CBEB419B00FFE00A200DF /* AsyncServer.h */ = {isa = PBXFileReference; fileEncoding = 4; lastKnownFileType = sourcecode.c.h; path = AsyncServer.h; sourceTree = "<group>"; };
		328CBEB619B0100800A200DF /* TCPConnection.cpp */ = {isa = PBXFileReference; fileEncoding = 4; lastKnownFileType = sourcecode.cpp.cpp; path = TCPConnection.cpp; sourceTree = "<group>"; };
		328CBEB719B0100800A200DF /* TCPConnection.h */ = {isa = PBXFileReference; fileEncoding = 4; lastKnownFileType = sourcecode.c.h; path = TCPConnection.h; sourceTree = "<group>"; };
		328CBEB919B0101900A200DF /* SingleThreadedServer.cpp */ = {isa = PBXFileReference; fileEncoding = 4; lastKnownFileType = sourcecode.cpp.cpp; path = SingleThreadedServer.cpp; sourceTree = "<group>"; };
		328CBEBA19B0101900A200DF /* SingleThreadedServer.h */ = {isa = PBXFileReference; fileEncoding = 4; lastKnownFileType = sourcecode.c.h; path = SingleThreadedServer.h; sourceTree = "<group>"; };
		32995ACB19B536030021B1CC /* Command.h */ = {isa = PBXFileReference; lastKnownFileType = sourcecode.c.h; path = Command.h; sourceTree = "<group>"; };
		32995ACC19B55C9A0021B1CC /* Command.cpp */ = {isa = PBXFileReference; fileEncoding = 4; lastKnownFileType = sourcecode.cpp.cpp; path = Command.cpp; sourceTree = "<group>"; };
		32995ACE19B574120021B1CC /* libarchive.2.dylib */ = {isa = PBXFileReference; lastKnownFileType = "compiled.mach-o.dylib"; name = libarchive.2.dylib; path = usr/lib/libarchive.2.dylib; sourceTree = SDKROOT; };
		32995AD019B575180021B1CC /* archive.h */ = {isa = PBXFileReference; lastKnownFileType = sourcecode.c.h; path = archive.h; sourceTree = "<group>"; };
		32B3269919B2FAE200E9CD7A /* BasicConnection.cpp */ = {isa = PBXFileReference; fileEncoding = 4; lastKnownFileType = sourcecode.cpp.cpp; path = BasicConnection.cpp; sourceTree = "<group>"; };
		32B3269A19B2FAE200E9CD7A /* BasicConnection.h */ = {isa = PBXFileReference; fileEncoding = 4; lastKnownFileType = sourcecode.c.h; path = BasicConnection.h; sourceTree = "<group>"; };
		32FF294219BD7039000645C3 /* TString.cpp */ = {isa = PBXFileReference; fileEncoding = 4; lastKnownFileType = sourcecode.cpp.cpp; path = TString.cpp; sourceTree = "<group>"; };
		32FF294319BD7039000645C3 /* TString.h */ = {isa = PBXFileReference; fileEncoding = 4; lastKnownFileType = sourcecode.c.h; path = TString.h; sourceTree = "<group>"; };
		32FF294519BD9441000645C3 /* StrTest.cpp */ = {isa = PBXFileReference; fileEncoding = 4; lastKnownFileType = sourcecode.cpp.cpp; path = StrTest.cpp; sourceTree = "<group>"; };
		32FF294619BD9441000645C3 /* StrTest.h */ = {isa = PBXFileReference; fileEncoding = 4; lastKnownFileType = sourcecode.c.h; path = StrTest.h; sourceTree = "<group>"; };
		32FF294819BDAC18000645C3 /* Value.h */ = {isa = PBXFileReference; lastKnownFileType = sourcecode.c.h; path = Value.h; sourceTree = "<group>"; };
		32FF294919BDAC25000645C3 /* TaggedPtr2.h */ = {isa = PBXFileReference; lastKnownFileType = sourcecode.c.h; path = TaggedPtr2.h; sourceTree = "<group>"; };
		32FF294A19BDAC4B000645C3 /* TaggedPtrValue.h */ = {isa = PBXFileReference; lastKnownFileType = sourcecode.c.h; path = TaggedPtrValue.h; sourceTree = "<group>"; };
		D1512FC819B9113800E5ECD9 /* BitFlipUtils.cpp */ = {isa = PBXFileReference; fileEncoding = 4; lastKnownFileType = sourcecode.cpp.cpp; path = BitFlipUtils.cpp; sourceTree = "<group>"; };
		D1512FC919B9113800E5ECD9 /* BitFlipUtils.h */ = {isa = PBXFileReference; fileEncoding = 4; lastKnownFileType = sourcecode.c.h; path = BitFlipUtils.h; sourceTree = "<group>"; };
		D1512FCC19B9132800E5ECD9 /* TaggedPtr.h */ = {isa = PBXFileReference; lastKnownFileType = sourcecode.c.h; path = TaggedPtr.h; sourceTree = "<group>"; };
		D1512FCD19B92E8700E5ECD9 /* TaggedPtr.cpp */ = {isa = PBXFileReference; fileEncoding = 4; lastKnownFileType = sourcecode.cpp.cpp; path = TaggedPtr.cpp; sourceTree = "<group>"; };
		D1B2D8EF19B6480F00E442BC /* libz.1.2.5.dylib */ = {isa = PBXFileReference; lastKnownFileType = "compiled.mach-o.dylib"; name = libz.1.2.5.dylib; path = usr/lib/libz.1.2.5.dylib; sourceTree = SDKROOT; };
		D1B2DCE019B64BAE00E442BC /* block_wrappers.cc */ = {isa = PBXFileReference; fileEncoding = 4; lastKnownFileType = sourcecode.cpp.cpp; path = block_wrappers.cc; sourceTree = "<group>"; };
		D1B2DCE119B64BAE00E442BC /* block_wrappers.h */ = {isa = PBXFileReference; fileEncoding = 4; lastKnownFileType = sourcecode.c.h; path = block_wrappers.h; sourceTree = "<group>"; };
		D1B2DCE219B64BAE00E442BC /* compressed_stream.cc */ = {isa = PBXFileReference; fileEncoding = 4; lastKnownFileType = sourcecode.cpp.cpp; path = compressed_stream.cc; sourceTree = "<group>"; };
		D1B2DCE319B64BAE00E442BC /* compressed_stream.h */ = {isa = PBXFileReference; fileEncoding = 4; lastKnownFileType = sourcecode.c.h; path = compressed_stream.h; sourceTree = "<group>"; };
		D1B2DCE419B64BAE00E442BC /* gzip_stream.cc */ = {isa = PBXFileReference; fileEncoding = 4; lastKnownFileType = sourcecode.cpp.cpp; path = gzip_stream.cc; sourceTree = "<group>"; };
		D1B2DCE519B64BAE00E442BC /* gzip_stream.h */ = {isa = PBXFileReference; fileEncoding = 4; lastKnownFileType = sourcecode.c.h; path = gzip_stream.h; sourceTree = "<group>"; };
		D1B2DCE719B64BAE00E442BC /* lz4.cc */ = {isa = PBXFileReference; fileEncoding = 4; lastKnownFileType = sourcecode.cpp.cpp; path = lz4.cc; sourceTree = "<group>"; };
		D1B2DCE819B64BAE00E442BC /* lz4.h */ = {isa = PBXFileReference; fileEncoding = 4; lastKnownFileType = sourcecode.c.h; path = lz4.h; sourceTree = "<group>"; };
		D1BDDC8C19B687A8003CFEE9 /* Compression.cpp */ = {isa = PBXFileReference; fileEncoding = 4; lastKnownFileType = sourcecode.cpp.cpp; path = Compression.cpp; sourceTree = "<group>"; };
		D1BDDC8D19B687A8003CFEE9 /* Compression.h */ = {isa = PBXFileReference; fileEncoding = 4; lastKnownFileType = sourcecode.c.h; path = Compression.h; sourceTree = "<group>"; };
/* End PBXFileReference section */

/* Begin PBXFrameworksBuildPhase section */
		3220D41C19A97D83006645D8 /* Frameworks */ = {
			isa = PBXFrameworksBuildPhase;
			buildActionMask = 2147483647;
			files = (
				D1B2D8F019B6480F00E442BC /* libz.1.2.5.dylib in Frameworks */,
				32995ACF19B574120021B1CC /* libarchive.2.dylib in Frameworks */,
				32383F8F19B04A48007A29C4 /* libtbbmalloc_proxy.dylib in Frameworks */,
				32383F9119B04A48007A29C4 /* libtbbmalloc.dylib in Frameworks */,
				322AD56019AF0C6000364A33 /* libtbb.dylib in Frameworks */,
			);
			runOnlyForDeploymentPostprocessing = 0;
		};
		3289A5C919B006B600478798 /* Frameworks */ = {
			isa = PBXFrameworksBuildPhase;
			buildActionMask = 2147483647;
			files = (
				32383F9019B04A48007A29C4 /* libtbbmalloc_proxy.dylib in Frameworks */,
				32383F9219B04A48007A29C4 /* libtbbmalloc.dylib in Frameworks */,
			);
			runOnlyForDeploymentPostprocessing = 0;
		};
/* End PBXFrameworksBuildPhase section */

/* Begin PBXGroup section */
		3220D41619A97D83006645D8 = {
			isa = PBXGroup;
			children = (
				D1B2D8EF19B6480F00E442BC /* libz.1.2.5.dylib */,
				32995ACE19B574120021B1CC /* libarchive.2.dylib */,
				322AD55F19AF0C6000364A33 /* libtbb.dylib */,
				32383F8D19B04A48007A29C4 /* libtbbmalloc_proxy.dylib */,
				32383F8E19B04A48007A29C4 /* libtbbmalloc.dylib */,
				3289A5D719B0072300478798 /* Common */,
				D1512FC719B9112C00E5ECD9 /* BitFlipping */,
				3220D42119A97D83006645D8 /* Money */,
				3289A5CD19B006B600478798 /* CLI */,
				3220D42019A97D83006645D8 /* Products */,
			);
			sourceTree = "<group>";
		};
		3220D42019A97D83006645D8 /* Products */ = {
			isa = PBXGroup;
			children = (
				3220D41F19A97D83006645D8 /* Server */,
				3289A5CC19B006B600478798 /* CLI */,
			);
			name = Products;
			sourceTree = "<group>";
		};
		3220D42119A97D83006645D8 /* Money */ = {
			isa = PBXGroup;
			children = (
				3289A5D619B006F600478798 /* external */,
				D1BDDC8D19B687A8003CFEE9 /* Compression.h */,
				D1BDDC8C19B687A8003CFEE9 /* Compression.cpp */,
				323140DD19AF447600C341FF /* Storage.h */,
				323140DC19AF447600C341FF /* Storage.cpp */,
				32995ACB19B536030021B1CC /* Command.h */,
				32995ACC19B55C9A0021B1CC /* Command.cpp */,
				3231413619AFD43100C341FF /* Server */,
			);
			path = Money;
			sourceTree = "<group>";
		};
		322AD56119AF0C7200364A33 /* native */ = {
			isa = PBXGroup;
			children = (
				322AD56319AF0C7200364A33 /* include */,
			);
			path = native;
			sourceTree = "<group>";
		};
		322AD56319AF0C7200364A33 /* include */ = {
			isa = PBXGroup;
			children = (
				322AD56419AF0C7200364A33 /* native */,
			);
			path = include;
			sourceTree = "<group>";
		};
		322AD56419AF0C7200364A33 /* native */ = {
			isa = PBXGroup;
			children = (
				322AD56519AF0C7200364A33 /* hash.h */,
				322AD56619AF0C7200364A33 /* istring.h */,
				322AD56719AF0C7200364A33 /* string_base.h */,
				322AD56819AF0C7200364A33 /* string_common.h */,
				322AD56919AF0C7200364A33 /* string_core.h */,
				322AD56A19AF0C7200364A33 /* string_operators.h */,
				322AD56B19AF0C7200364A33 /* string_slice.h */,
				322AD56C19AF0C7200364A33 /* types.h */,
			);
			path = native;
			sourceTree = "<group>";
		};
		322AD58019AF0CE900364A33 /* tbb43_20140724oss */ = {
			isa = PBXGroup;
			children = (
				322AD91319AF0CEC00364A33 /* include */,
			);
			path = tbb43_20140724oss;
			sourceTree = "<group>";
		};
		322AD91319AF0CEC00364A33 /* include */ = {
			isa = PBXGroup;
			children = (
				322AD91519AF0CEC00364A33 /* serial */,
				322AD91919AF0CEC00364A33 /* tbb */,
			);
			path = include;
			sourceTree = "<group>";
		};
		322AD91519AF0CEC00364A33 /* serial */ = {
			isa = PBXGroup;
			children = (
				322AD91619AF0CEC00364A33 /* tbb */,
			);
			path = serial;
			sourceTree = "<group>";
		};
		322AD91619AF0CEC00364A33 /* tbb */ = {
			isa = PBXGroup;
			children = (
				322AD91719AF0CEC00364A33 /* parallel_for.h */,
				322AD91819AF0CEC00364A33 /* tbb_annotate.h */,
			);
			path = tbb;
			sourceTree = "<group>";
		};
		322AD91919AF0CEC00364A33 /* tbb */ = {
			isa = PBXGroup;
			children = (
				322AD91A19AF0CEC00364A33 /* aggregator.h */,
				322AD91B19AF0CEC00364A33 /* aligned_space.h */,
				322AD91C19AF0CEC00364A33 /* atomic.h */,
				322AD91D19AF0CEC00364A33 /* blocked_range.h */,
				322AD91E19AF0CEC00364A33 /* blocked_range2d.h */,
				322AD91F19AF0CEC00364A33 /* blocked_range3d.h */,
				322AD92019AF0CEC00364A33 /* cache_aligned_allocator.h */,
				322AD92119AF0CEC00364A33 /* combinable.h */,
				322AD92219AF0CEC00364A33 /* compat */,
				322AD92719AF0CEC00364A33 /* concurrent_hash_map.h */,
				322AD92819AF0CEC00364A33 /* concurrent_lru_cache.h */,
				322AD92919AF0CEC00364A33 /* concurrent_priority_queue.h */,
				322AD92A19AF0CEC00364A33 /* concurrent_queue.h */,
				322AD92B19AF0CEC00364A33 /* concurrent_unordered_map.h */,
				322AD92C19AF0CEC00364A33 /* concurrent_unordered_set.h */,
				322AD92D19AF0CEC00364A33 /* concurrent_vector.h */,
				322AD92E19AF0CEC00364A33 /* critical_section.h */,
				322AD92F19AF0CEC00364A33 /* enumerable_thread_specific.h */,
				322AD93019AF0CEC00364A33 /* flow_graph.h */,
				322AD93119AF0CEC00364A33 /* index.html */,
				322AD93219AF0CEC00364A33 /* internal */,
				322AD94419AF0CEC00364A33 /* machine */,
				322AD95919AF0CEC00364A33 /* memory_pool.h */,
				322AD95A19AF0CEC00364A33 /* mutex.h */,
				322AD95B19AF0CEC00364A33 /* null_mutex.h */,
				322AD95C19AF0CEC00364A33 /* null_rw_mutex.h */,
				322AD95D19AF0CEC00364A33 /* parallel_do.h */,
				322AD95E19AF0CEC00364A33 /* parallel_for.h */,
				322AD95F19AF0CEC00364A33 /* parallel_for_each.h */,
				322AD96019AF0CEC00364A33 /* parallel_invoke.h */,
				322AD96119AF0CEC00364A33 /* parallel_reduce.h */,
				322AD96219AF0CEC00364A33 /* parallel_scan.h */,
				322AD96319AF0CEC00364A33 /* parallel_sort.h */,
				322AD96419AF0CEC00364A33 /* parallel_while.h */,
				322AD96519AF0CEC00364A33 /* partitioner.h */,
				322AD96619AF0CEC00364A33 /* pipeline.h */,
				322AD96719AF0CEC00364A33 /* queuing_mutex.h */,
				322AD96819AF0CEC00364A33 /* queuing_rw_mutex.h */,
				322AD96919AF0CEC00364A33 /* reader_writer_lock.h */,
				322AD96A19AF0CEC00364A33 /* recursive_mutex.h */,
				322AD96B19AF0CEC00364A33 /* runtime_loader.h */,
				322AD96C19AF0CEC00364A33 /* scalable_allocator.h */,
				322AD96D19AF0CEC00364A33 /* spin_mutex.h */,
				322AD96E19AF0CEC00364A33 /* spin_rw_mutex.h */,
				322AD96F19AF0CEC00364A33 /* task.h */,
				322AD97019AF0CEC00364A33 /* task_arena.h */,
				322AD97119AF0CEC00364A33 /* task_group.h */,
				322AD97219AF0CEC00364A33 /* task_scheduler_init.h */,
				322AD97319AF0CEC00364A33 /* task_scheduler_observer.h */,
				322AD97419AF0CEC00364A33 /* tbb.h */,
				322AD97519AF0CEC00364A33 /* tbb_allocator.h */,
				322AD97619AF0CEC00364A33 /* tbb_config.h */,
				322AD97719AF0CEC00364A33 /* tbb_exception.h */,
				322AD97819AF0CEC00364A33 /* tbb_machine.h */,
				322AD97919AF0CEC00364A33 /* tbb_profiling.h */,
				322AD97A19AF0CEC00364A33 /* tbb_stddef.h */,
				322AD97B19AF0CEC00364A33 /* tbb_thread.h */,
				322AD97C19AF0CEC00364A33 /* tbbmalloc_proxy.h */,
				322AD97D19AF0CEC00364A33 /* tick_count.h */,
			);
			path = tbb;
			sourceTree = "<group>";
		};
		322AD92219AF0CEC00364A33 /* compat */ = {
			isa = PBXGroup;
			children = (
				322AD92319AF0CEC00364A33 /* condition_variable */,
				322AD92419AF0CEC00364A33 /* ppl.h */,
				322AD92519AF0CEC00364A33 /* thread */,
				322AD92619AF0CEC00364A33 /* tuple */,
			);
			path = compat;
			sourceTree = "<group>";
		};
		322AD93219AF0CEC00364A33 /* internal */ = {
			isa = PBXGroup;
			children = (
				322AD93319AF0CEC00364A33 /* _aggregator_impl.h */,
				322AD93419AF0CEC00364A33 /* _concurrent_queue_impl.h */,
				322AD93519AF0CEC00364A33 /* _concurrent_unordered_impl.h */,
				322AD93619AF0CEC00364A33 /* _flow_graph_impl.h */,
				322AD93719AF0CEC00364A33 /* _flow_graph_indexer_impl.h */,
				322AD93819AF0CEC00364A33 /* _flow_graph_item_buffer_impl.h */,
				322AD93919AF0CEC00364A33 /* _flow_graph_join_impl.h */,
				322AD93A19AF0CEC00364A33 /* _flow_graph_node_impl.h */,
				322AD93B19AF0CEC00364A33 /* _flow_graph_tagged_buffer_impl.h */,
				322AD93C19AF0CEC00364A33 /* _flow_graph_trace_impl.h */,
				322AD93D19AF0CEC00364A33 /* _flow_graph_types_impl.h */,
				322AD93E19AF0CEC00364A33 /* _mutex_padding.h */,
				322AD93F19AF0CEC00364A33 /* _range_iterator.h */,
				322AD94019AF0CEC00364A33 /* _tbb_strings.h */,
				322AD94119AF0CEC00364A33 /* _tbb_windef.h */,
				322AD94219AF0CEC00364A33 /* _x86_eliding_mutex_impl.h */,
				322AD94319AF0CEC00364A33 /* _x86_rtm_rw_mutex_impl.h */,
			);
			path = internal;
			sourceTree = "<group>";
		};
		322AD94419AF0CEC00364A33 /* machine */ = {
			isa = PBXGroup;
			children = (
				322AD94519AF0CEC00364A33 /* gcc_armv7.h */,
				322AD94619AF0CEC00364A33 /* gcc_generic.h */,
				322AD94719AF0CEC00364A33 /* gcc_ia32_common.h */,
				322AD94819AF0CEC00364A33 /* gcc_itsx.h */,
				322AD94919AF0CEC00364A33 /* ibm_aix51.h */,
				322AD94A19AF0CEC00364A33 /* icc_generic.h */,
				322AD94B19AF0CEC00364A33 /* linux_common.h */,
				322AD94C19AF0CEC00364A33 /* linux_ia32.h */,
				322AD94D19AF0CEC00364A33 /* linux_ia64.h */,
				322AD94E19AF0CEC00364A33 /* linux_intel64.h */,
				322AD94F19AF0CEC00364A33 /* mac_ppc.h */,
				322AD95019AF0CEC00364A33 /* macos_common.h */,
				322AD95119AF0CEC00364A33 /* mic_common.h */,
				322AD95219AF0CEC00364A33 /* msvc_armv7.h */,
				322AD95319AF0CEC00364A33 /* msvc_ia32_common.h */,
				322AD95419AF0CEC00364A33 /* sunos_sparc.h */,
				322AD95519AF0CEC00364A33 /* windows_api.h */,
				322AD95619AF0CEC00364A33 /* windows_ia32.h */,
				322AD95719AF0CEC00364A33 /* windows_intel64.h */,
				322AD95819AF0CEC00364A33 /* xbox360_ppc.h */,
			);
			path = machine;
			sourceTree = "<group>";
		};
		3231413619AFD43100C341FF /* Server */ = {
			isa = PBXGroup;
			children = (
				32B3269A19B2FAE200E9CD7A /* BasicConnection.h */,
				32B3269919B2FAE200E9CD7A /* BasicConnection.cpp */,
				3231413719AFD43C00C341FF /* main.cpp */,
				328CBEB419B00FFE00A200DF /* AsyncServer.h */,
				328CBEB319B00FFE00A200DF /* AsyncServer.cpp */,
				328CBEB719B0100800A200DF /* TCPConnection.h */,
				328CBEB619B0100800A200DF /* TCPConnection.cpp */,
				328CBEBA19B0101900A200DF /* SingleThreadedServer.h */,
				328CBEB919B0101900A200DF /* SingleThreadedServer.cpp */,
				32FF294619BD9441000645C3 /* StrTest.h */,
				32FF294519BD9441000645C3 /* StrTest.cpp */,
			);
			name = Server;
			path = ASIO_2;
			sourceTree = "<group>";
		};
		3288CE5819BD4DF000BAFEDC /* DataTypes */ = {
			isa = PBXGroup;
			children = (
				3288CE5D19BD4E1900BAFEDC /* DataType.h */,
				32FF294819BDAC18000645C3 /* Value.h */,
				32FF294919BDAC25000645C3 /* TaggedPtr2.h */,
				32FF294A19BDAC4B000645C3 /* TaggedPtrValue.h */,
				3288CE5A19BD4E0300BAFEDC /* ShortString.h */,
				3288CE5919BD4E0300BAFEDC /* ShortString.cpp */,
				3288CE6019BD55C300BAFEDC /* LongString.h */,
				3288CE5F19BD55C300BAFEDC /* LongString.cpp */,
				32FF294319BD7039000645C3 /* TString.h */,
				32FF294219BD7039000645C3 /* TString.cpp */,
			);
			name = DataTypes;
			sourceTree = "<group>";
		};
		3289A5CD19B006B600478798 /* CLI */ = {
			isa = PBXGroup;
			children = (
				3289A5CE19B006B600478798 /* main.cpp */,
				3289A5D019B006B600478798 /* CLI.1 */,
				328CBEB119B0096800A200DF /* Client.h */,
				328CBEB019B0096800A200DF /* Client.cpp */,
			);
			path = CLI;
			sourceTree = "<group>";
		};
		3289A5D619B006F600478798 /* external */ = {
			isa = PBXGroup;
			children = (
				D1B2DCDE19B64BAE00E442BC /* protobuf-zerocopy-compression */,
				3232CB7419B3EC18008D9AF4 /* city.cc */,
				3232CB7519B3EC18008D9AF4 /* city.h */,
				3232CB7619B3EC18008D9AF4 /* citycrc.h */,
				322AD58019AF0CE900364A33 /* tbb43_20140724oss */,
				322AD56119AF0C7200364A33 /* native */,
				3220D42419A97D83006645D8 /* Money.1 */,
				32995AD019B575180021B1CC /* archive.h */,
			);
			name = external;
			sourceTree = "<group>";
		};
		3289A5D719B0072300478798 /* Common */ = {
			isa = PBXGroup;
			children = (
				3220D43319A9F7AA006645D8 /* Prefix.h */,
				3289A5D919B0073600478798 /* Logging.h */,
				3289A5D819B0073600478798 /* Logging.cpp */,
				3288CE5619BD4B5200BAFEDC /* Timed.h */,
				3288CE5519BD4B5200BAFEDC /* Timed.cpp */,
			);
			path = Common;
			sourceTree = "<group>";
		};
		D1512FC719B9112C00E5ECD9 /* BitFlipping */ = {
			isa = PBXGroup;
			children = (
				D1512FC919B9113800E5ECD9 /* BitFlipUtils.h */,
				D1512FC819B9113800E5ECD9 /* BitFlipUtils.cpp */,
				D1512FCC19B9132800E5ECD9 /* TaggedPtr.h */,
				D1512FCD19B92E8700E5ECD9 /* TaggedPtr.cpp */,
				3288CE5819BD4DF000BAFEDC /* DataTypes */,
			);
			path = BitFlipping;
			sourceTree = "<group>";
		};
		D1B2DCDE19B64BAE00E442BC /* protobuf-zerocopy-compression */ = {
			isa = PBXGroup;
			children = (
				D1B2DCE019B64BAE00E442BC /* block_wrappers.cc */,
				D1B2DCE119B64BAE00E442BC /* block_wrappers.h */,
				D1B2DCE219B64BAE00E442BC /* compressed_stream.cc */,
				D1B2DCE319B64BAE00E442BC /* compressed_stream.h */,
				D1B2DCE419B64BAE00E442BC /* gzip_stream.cc */,
				D1B2DCE519B64BAE00E442BC /* gzip_stream.h */,
				D1B2DCE719B64BAE00E442BC /* lz4.cc */,
				D1B2DCE819B64BAE00E442BC /* lz4.h */,
			);
			path = "protobuf-zerocopy-compression";
			sourceTree = "<group>";
		};
/* End PBXGroup section */

/* Begin PBXNativeTarget section */
		3220D41E19A97D83006645D8 /* Server */ = {
			isa = PBXNativeTarget;
			buildConfigurationList = 3220D42819A97D83006645D8 /* Build configuration list for PBXNativeTarget "Server" */;
			buildPhases = (
				3220D41B19A97D83006645D8 /* Sources */,
				3220D41C19A97D83006645D8 /* Frameworks */,
				3220D41D19A97D83006645D8 /* CopyFiles */,
			);
			buildRules = (
			);
			dependencies = (
			);
			name = Server;
			productName = Money;
			productReference = 3220D41F19A97D83006645D8 /* Server */;
			productType = "com.apple.product-type.tool";
		};
		3289A5CB19B006B600478798 /* CLI */ = {
			isa = PBXNativeTarget;
			buildConfigurationList = 3289A5D219B006B600478798 /* Build configuration list for PBXNativeTarget "CLI" */;
			buildPhases = (
				3289A5C819B006B600478798 /* Sources */,
				3289A5C919B006B600478798 /* Frameworks */,
				3289A5CA19B006B600478798 /* CopyFiles */,
			);
			buildRules = (
			);
			dependencies = (
			);
			name = CLI;
			productName = CLI;
			productReference = 3289A5CC19B006B600478798 /* CLI */;
			productType = "com.apple.product-type.tool";
		};
/* End PBXNativeTarget section */

/* Begin PBXProject section */
		3220D41719A97D83006645D8 /* Project object */ = {
			isa = PBXProject;
			attributes = {
				LastUpgradeCheck = 0510;
				ORGANIZATIONNAME = "Cam Saul";
			};
			buildConfigurationList = 3220D41A19A97D83006645D8 /* Build configuration list for PBXProject "Money" */;
			compatibilityVersion = "Xcode 3.2";
			developmentRegion = English;
			hasScannedForEncodings = 0;
			knownRegions = (
				en,
			);
			mainGroup = 3220D41619A97D83006645D8;
			productRefGroup = 3220D42019A97D83006645D8 /* Products */;
			projectDirPath = "";
			projectRoot = "";
			targets = (
				3220D41E19A97D83006645D8 /* Server */,
				3289A5CB19B006B600478798 /* CLI */,
			);
		};
/* End PBXProject section */

/* Begin PBXSourcesBuildPhase section */
		3220D41B19A97D83006645D8 /* Sources */ = {
			isa = PBXSourcesBuildPhase;
			buildActionMask = 2147483647;
			files = (
				D1B2DCF419B64BAE00E442BC /* lz4.cc in Sources */,
				32FF294719BD9441000645C3 /* StrTest.cpp in Sources */,
				D1512FCE19B92E8700E5ECD9 /* TaggedPtr.cpp in Sources */,
				D1BDDC8E19B687A8003CFEE9 /* Compression.cpp in Sources */,
				323140DE19AF447600C341FF /* Storage.cpp in Sources */,
				328CBEB819B0100800A200DF /* TCPConnection.cpp in Sources */,
				D1B2DCEE19B64BAE00E442BC /* block_wrappers.cc in Sources */,
				328CBEB519B00FFE00A200DF /* AsyncServer.cpp in Sources */,
				3289A5DA19B0073600478798 /* Logging.cpp in Sources */,
				3231413819AFD43C00C341FF /* main.cpp in Sources */,
				328CBEBC19B014A500A200DF /* Client.cpp in Sources */,
				D1B2DCF219B64BAE00E442BC /* gzip_stream.cc in Sources */,
				32FF294419BD7039000645C3 /* TString.cpp in Sources */,
				3288CE6119BD55C300BAFEDC /* LongString.cpp in Sources */,
				3232CB7719B3EC18008D9AF4 /* city.cc in Sources */,
				D1B2DCF019B64BAE00E442BC /* compressed_stream.cc in Sources */,
				D1512FCA19B9113800E5ECD9 /* BitFlipUtils.cpp in Sources */,
				32B3269B19B2FAE200E9CD7A /* BasicConnection.cpp in Sources */,
				3288CE5719BD4B5200BAFEDC /* Timed.cpp in Sources */,
				3288CE5B19BD4E0300BAFEDC /* ShortString.cpp in Sources */,
				328CBEBB19B0101900A200DF /* SingleThreadedServer.cpp in Sources */,
				32995ACD19B55C9A0021B1CC /* Command.cpp in Sources */,
			);
			runOnlyForDeploymentPostprocessing = 0;
		};
		3289A5C819B006B600478798 /* Sources */ = {
			isa = PBXSourcesBuildPhase;
			buildActionMask = 2147483647;
			files = (
				D1512FCF19B92E8700E5ECD9 /* TaggedPtr.cpp in Sources */,
				D1512FCB19B9113800E5ECD9 /* BitFlipUtils.cpp in Sources */,
				3289A5CF19B006B600478798 /* main.cpp in Sources */,
				3289A5DB19B0077E00478798 /* Logging.cpp in Sources */,
				D1B2DCF119B64BAE00E442BC /* compressed_stream.cc in Sources */,
				32B3269C19B2FAE200E9CD7A /* BasicConnection.cpp in Sources */,
				D1B2DCF519B64BAE00E442BC /* lz4.cc in Sources */,
				D1B2DCEF19B64BAE00E442BC /* block_wrappers.cc in Sources */,
				328CBEB219B0096800A200DF /* Client.cpp in Sources */,
				3232CB7819B3EC18008D9AF4 /* city.cc in Sources */,
				D1B2DCF319B64BAE00E442BC /* gzip_stream.cc in Sources */,
			);
			runOnlyForDeploymentPostprocessing = 0;
		};
/* End PBXSourcesBuildPhase section */

/* Begin XCBuildConfiguration section */
		3220D42619A97D83006645D8 /* Debug */ = {
			isa = XCBuildConfiguration;
			buildSettings = {
				CLANG_CXX_LANGUAGE_STANDARD = "compiler-default";
				CLANG_CXX_LIBRARY = "libc++";
				CLANG_ENABLE_MODULES = YES;
				CLANG_ENABLE_OBJC_ARC = YES;
				CLANG_WARN_BOOL_CONVERSION = YES;
				CLANG_WARN_CONSTANT_CONVERSION = YES;
				CLANG_WARN_DIRECT_OBJC_ISA_USAGE = YES_ERROR;
				CLANG_WARN_EMPTY_BODY = YES;
				CLANG_WARN_ENUM_CONVERSION = YES;
				CLANG_WARN_INT_CONVERSION = YES;
				CLANG_WARN_OBJC_ROOT_CLASS = YES_ERROR;
				CLANG_WARN__DUPLICATE_METHOD_MATCH = YES;
				COPY_PHASE_STRIP = NO;
				DEAD_CODE_STRIPPING = NO;
				GCC_C_LANGUAGE_STANDARD = gnu99;
				GCC_DYNAMIC_NO_PIC = NO;
				GCC_ENABLE_OBJC_EXCEPTIONS = YES;
				GCC_FAST_MATH = YES;
				GCC_GENERATE_DEBUGGING_SYMBOLS = YES;
				GCC_INCREASE_PRECOMPILED_HEADER_SHARING = YES;
				GCC_OPTIMIZATION_LEVEL = fast;
				GCC_PREFIX_HEADER = "$(SRCROOT)/Money/Prefix.h";
				GCC_SYMBOLS_PRIVATE_EXTERN = NO;
				GCC_UNROLL_LOOPS = YES;
				GCC_WARN_64_TO_32_BIT_CONVERSION = NO;
				GCC_WARN_ABOUT_RETURN_TYPE = YES_ERROR;
				GCC_WARN_UNDECLARED_SELECTOR = YES;
				GCC_WARN_UNINITIALIZED_AUTOS = YES_AGGRESSIVE;
				GCC_WARN_UNUSED_FUNCTION = YES;
				GCC_WARN_UNUSED_VARIABLE = YES;
				HEADER_SEARCH_PATHS = (
					"$(inherited)",
					/Applications/Xcode.app/Contents/Developer/Toolchains/XcodeDefault.xctoolchain/usr/include,
					/usr/local/Cellar/boost/1.55.0/include,
					"$(SRCROOT)/Money/tbb43_20140724oss/include/",
					"$(SRCROOT)/Money",
					"$(SRCROOT)/Money/native/include/",
				);
				LIBRARY_SEARCH_PATHS = (
					"$(inherited)",
					"$(PROJECT_DIR)",
					"$(PROJECT_DIR)/Money/tbb43_20140724oss/lib/libc++",
					"$(PROJECT_DIR)/Money/tbb43_20140724oss/lib",
				);
				LLVM_LTO = NO;
				MACOSX_DEPLOYMENT_TARGET = 10.9;
				ONLY_ACTIVE_ARCH = YES;
				OTHER_CPLUSPLUSFLAGS = (
					"$(OTHER_CFLAGS)",
					"-std=c++1y",
					"-fslp-vectorize-aggressive",
					"-fextended-identifiers",
				);
				OTHER_LDFLAGS = (
					"/usr/local/lib/libboost_date_time-mt.dylib",
					"/usr/local/lib/libboost_filesystem-mt.dylib",
					"/usr/local/lib/libboost_system-mt.dylib",
					"/usr/local/lib/libboost_thread-mt.dylib",
					"/usr/local/lib/libboost_iostreams-mt.dylib",
					"/usr/local/Cellar/protobuf/2.5.0/lib/libprotobuf-lite.dylib",
				);
				SDKROOT = macosx;
			};
			name = Debug;
		};
		3220D42719A97D83006645D8 /* Release */ = {
			isa = XCBuildConfiguration;
			buildSettings = {
				CLANG_CXX_LANGUAGE_STANDARD = "compiler-default";
				CLANG_CXX_LIBRARY = "libc++";
				CLANG_ENABLE_MODULES = YES;
				CLANG_ENABLE_OBJC_ARC = YES;
				CLANG_WARN_BOOL_CONVERSION = YES;
				CLANG_WARN_CONSTANT_CONVERSION = YES;
				CLANG_WARN_DIRECT_OBJC_ISA_USAGE = YES_ERROR;
				CLANG_WARN_EMPTY_BODY = YES;
				CLANG_WARN_ENUM_CONVERSION = YES;
				CLANG_WARN_INT_CONVERSION = YES;
				CLANG_WARN_OBJC_ROOT_CLASS = YES_ERROR;
				CLANG_WARN__DUPLICATE_METHOD_MATCH = YES;
				COPY_PHASE_STRIP = NO;
				DEAD_CODE_STRIPPING = NO;
				ENABLE_NS_ASSERTIONS = NO;
				GCC_C_LANGUAGE_STANDARD = gnu99;
				GCC_ENABLE_OBJC_EXCEPTIONS = YES;
				GCC_FAST_MATH = YES;
				GCC_GENERATE_DEBUGGING_SYMBOLS = YES;
				GCC_INCREASE_PRECOMPILED_HEADER_SHARING = YES;
				GCC_OPTIMIZATION_LEVEL = fast;
				GCC_PREFIX_HEADER = "$(SRCROOT)/Money/Prefix.h";
				GCC_UNROLL_LOOPS = YES;
				GCC_WARN_64_TO_32_BIT_CONVERSION = NO;
				GCC_WARN_ABOUT_RETURN_TYPE = YES_ERROR;
				GCC_WARN_UNDECLARED_SELECTOR = YES;
				GCC_WARN_UNINITIALIZED_AUTOS = YES_AGGRESSIVE;
				GCC_WARN_UNUSED_FUNCTION = YES;
				GCC_WARN_UNUSED_VARIABLE = YES;
				HEADER_SEARCH_PATHS = (
					"$(inherited)",
					/Applications/Xcode.app/Contents/Developer/Toolchains/XcodeDefault.xctoolchain/usr/include,
					/usr/local/Cellar/boost/1.55.0/include,
					"$(SRCROOT)/Money/tbb43_20140724oss/include/",
					"$(SRCROOT)/Money",
					"$(SRCROOT)/Money/native/include/",
				);
				LD_NO_PIE = YES;
				LIBRARY_SEARCH_PATHS = (
					"$(inherited)",
					"$(PROJECT_DIR)",
					"$(PROJECT_DIR)/Money/tbb43_20140724oss/lib/libc++",
					"$(PROJECT_DIR)/Money/tbb43_20140724oss/lib",
				);
				LLVM_LTO = YES;
				MACOSX_DEPLOYMENT_TARGET = 10.9;
				ONLY_ACTIVE_ARCH = YES;
				OTHER_CPLUSPLUSFLAGS = (
					"$(OTHER_CFLAGS)",
					"-std=c++1y",
					"-fslp-vectorize-aggressive",
					"-fextended-identifiers",
				);
				OTHER_LDFLAGS = (
					"/usr/local/lib/libboost_date_time-mt.dylib",
					"/usr/local/lib/libboost_filesystem-mt.dylib",
					"/usr/local/lib/libboost_system-mt.dylib",
					"/usr/local/lib/libboost_thread-mt.dylib",
					"/usr/local/lib/libboost_iostreams-mt.dylib",
					"/usr/local/Cellar/protobuf/2.5.0/lib/libprotobuf-lite.dylib",
				);
				SDKROOT = macosx;
			};
			name = Release;
		};
		3220D42919A97D83006645D8 /* Debug */ = {
			isa = XCBuildConfiguration;
			buildSettings = {
				HEADER_SEARCH_PATHS = (
					"$(inherited)",
					/Applications/Xcode.app/Contents/Developer/Toolchains/XcodeDefault.xctoolchain/usr/include,
					/usr/local/Cellar/boost/1.55.0/include,
					"$(SRCROOT)/Money/tbb43_20140724oss/include/",
					"$(SRCROOT)/Money",
					"$(SRCROOT)/Money/native/include/",
					/usr/local/include,
				);
				LIBRARY_SEARCH_PATHS = (
					"$(inherited)",
					"$(PROJECT_DIR)",
				);
				PRODUCT_NAME = "$(TARGET_NAME)";
			};
			name = Debug;
		};
		3220D42A19A97D83006645D8 /* Release */ = {
			isa = XCBuildConfiguration;
			buildSettings = {
				HEADER_SEARCH_PATHS = (
					"$(inherited)",
					/Applications/Xcode.app/Contents/Developer/Toolchains/XcodeDefault.xctoolchain/usr/include,
					/usr/local/Cellar/boost/1.55.0/include,
					"$(SRCROOT)/Money/tbb43_20140724oss/include/",
					"$(SRCROOT)/Money",
					"$(SRCROOT)/Money/native/include/",
					/usr/local/include,
				);
				LIBRARY_SEARCH_PATHS = (
					"$(inherited)",
					"$(PROJECT_DIR)",
				);
				PRODUCT_NAME = "$(TARGET_NAME)";
			};
			name = Release;
		};
		3289A5D319B006B600478798 /* Debug */ = {
			isa = XCBuildConfiguration;
			buildSettings = {
				LIBRARY_SEARCH_PATHS = (
					"$(inherited)",
					"$(PROJECT_DIR)",
				);
				PRODUCT_NAME = "$(TARGET_NAME)";
			};
			name = Debug;
		};
		3289A5D419B006B600478798 /* Release */ = {
			isa = XCBuildConfiguration;
			buildSettings = {
				LIBRARY_SEARCH_PATHS = (
					"$(inherited)",
					"$(PROJECT_DIR)",
				);
				PRODUCT_NAME = "$(TARGET_NAME)";
			};
			name = Release;
		};
/* End XCBuildConfiguration section */

/* Begin XCConfigurationList section */
		3220D41A19A97D83006645D8 /* Build configuration list for PBXProject "Money" */ = {
			isa = XCConfigurationList;
			buildConfigurations = (
				3220D42619A97D83006645D8 /* Debug */,
				3220D42719A97D83006645D8 /* Release */,
			);
			defaultConfigurationIsVisible = 0;
			defaultConfigurationName = Release;
		};
		3220D42819A97D83006645D8 /* Build configuration list for PBXNativeTarget "Server" */ = {
			isa = XCConfigurationList;
			buildConfigurations = (
				3220D42919A97D83006645D8 /* Debug */,
				3220D42A19A97D83006645D8 /* Release */,
			);
			defaultConfigurationIsVisible = 0;
			defaultConfigurationName = Release;
		};
		3289A5D219B006B600478798 /* Build configuration list for PBXNativeTarget "CLI" */ = {
			isa = XCConfigurationList;
			buildConfigurations = (
				3289A5D319B006B600478798 /* Debug */,
				3289A5D419B006B600478798 /* Release */,
			);
			defaultConfigurationIsVisible = 0;
			defaultConfigurationName = Release;
		};
/* End XCConfigurationList section */
	};
	rootObject = 3220D41719A97D83006645D8 /* Project object */;
}
